
Microsoft Visual Studio Solution File, Format Version 12.00
# Visual Studio Version 17
VisualStudioVersion = 17.5.33516.290
MinimumVisualStudioVersion = 10.0.40219.1
Project("{FAE04EC0-301F-11D3-BF4B-00C04F79EFBC}") = "PluginApp", "PluginApp\PluginApp.csproj", "{2874BC68-4377-4BC0-8373-8953CC6A089E}"
EndProject
Project("{FAE04EC0-301F-11D3-BF4B-00C04F79EFBC}") = "Service", "Service\Service.csproj", "{0D8C438F-F8F7-4E46-A3A8-64B71BF919F4}"
EndProject
Project("{FAE04EC0-301F-11D3-BF4B-00C04F79EFBC}") = "DemoPlugin", "DemoPlugin\DemoPlugin.csproj", "{3775C1C0-47D2-4FAD-958E-A3A2724CC355}"
EndProject
Project("{FAE04EC0-301F-11D3-BF4B-00C04F79EFBC}") = "MyPlugin", "MyPlugin\MyPlugin.csproj", "{2541619B-3366-41FF-8374-A825970DBF7B}"
EndProject
Global
	GlobalSection(SolutionConfigurationPlatforms) = preSolution
		Debug|Any CPU = Debug|Any CPU
		Release|Any CPU = Release|Any CPU
	EndGlobalSection
	GlobalSection(ProjectConfigurationPlatforms) = postSolution
		{2874BC68-4377-4BC0-8373-8953CC6A089E}.Debug|Any CPU.ActiveCfg = Debug|Any CPU
		{2874BC68-4377-4BC0-8373-8953CC6A089E}.Debug|Any CPU.Build.0 = Debug|Any CPU
		{2874BC68-4377-4BC0-8373-8953CC6A089E}.Release|Any CPU.ActiveCfg = Release|Any CPU
		{2874BC68-4377-4BC0-8373-8953CC6A089E}.Release|Any CPU.Build.0 = Release|Any CPU
		{0D8C438F-F8F7-4E46-A3A8-64B71BF919F4}.Debug|Any CPU.ActiveCfg = Debug|Any CPU
		{0D8C438F-F8F7-4E46-A3A8-64B71BF919F4}.Debug|Any CPU.Build.0 = Debug|Any CPU
		{0D8C438F-F8F7-4E46-A3A8-64B71BF919F4}.Release|Any CPU.ActiveCfg = Release|Any CPU
		{0D8C438F-F8F7-4E46-A3A8-64B71BF919F4}.Release|Any CPU.Build.0 = Release|Any CPU
		{3775C1C0-47D2-4FAD-958E-A3A2724CC355}.Debug|Any CPU.ActiveCfg = Debug|Any CPU
		{3775C1C0-47D2-4FAD-958E-A3A2724CC355}.Debug|Any CPU.Build.0 = Debug|Any CPU
		{3775C1C0-47D2-4FAD-958E-A3A2724CC355}.Release|Any CPU.ActiveCfg = Release|Any CPU
		{3775C1C0-47D2-4FAD-958E-A3A2724CC355}.Release|Any CPU.Build.0 = Release|Any CPU
		{2541619B-3366-41FF-8374-A825970DBF7B}.Debug|Any CPU.ActiveCfg = Debug|Any CPU
		{2541619B-3366-41FF-8374-A825970DBF7B}.Debug|Any CPU.Build.0 = Debug|Any CPU
		{2541619B-3366-41FF-8374-A825970DBF7B}.Release|Any CPU.ActiveCfg = Release|Any CPU
		{2541619B-3366-41FF-8374-A825970DBF7B}.Release|Any CPU.Build.0 = Release|Any CPU
	EndGlobalSection
	GlobalSection(SolutionProperties) = preSolution
		HideSolutionNode = FALSE
	EndGlobalSection
	GlobalSection(ExtensibilityGlobals) = postSolution
		SolutionGuid = {179F4FCC-5F4F-4F20-B084-A5DA467E3F85}
	EndGlobalSection
EndGlobal
